
Microsoft Visual Studio Solution File, Format Version 12.00
# Visual Studio Version 16
VisualStudioVersion = 16.0.29728.190
MinimumVisualStudioVersion = 10.0.40219.1
Project("{FAE04EC0-301F-11D3-BF4B-00C04F79EFBC}") = "GitTestOne", "GitTestOne.csproj", "{9557086D-987E-4133-A1D1-00FBA73FE1A5}"
EndProject
Global
	GlobalSection(SolutionConfigurationPlatforms) = preSolution
		Debug|Any CPU = Debug|Any CPU
		Release|Any CPU = Release|Any CPU
	EndGlobalSection
	GlobalSection(ProjectConfigurationPlatforms) = postSolution
		{9557086D-987E-4133-A1D1-00FBA73FE1A5}.Debug|Any CPU.ActiveCfg = Debug|Any CPU
		{9557086D-987E-4133-A1D1-00FBA73FE1A5}.Debug|Any CPU.Build.0 = Debug|Any CPU
		{9557086D-987E-4133-A1D1-00FBA73FE1A5}.Release|Any CPU.ActiveCfg = Release|Any CPU
		{9557086D-987E-4133-A1D1-00FBA73FE1A5}.Release|Any CPU.Build.0 = Release|Any CPU
	EndGlobalSection
	GlobalSection(SolutionProperties) = preSolution
		HideSolutionNode = FALSE
	EndGlobalSection
	GlobalSection(ExtensibilityGlobals) = postSolution
		SolutionGuid = {F0AA82F8-5A52-485C-9911-688D7623AFA6}
	EndGlobalSection
EndGlobal
